
Microsoft Visual Studio Solution File, Format Version 12.00
# Visual Studio Version 16
VisualStudioVersion = 16.0.31424.327
MinimumVisualStudioVersion = 10.0.40219.1
Project("{9A19103F-16F7-4668-BE54-9A1E7A4F7556}") = "LogicalPrograms", "ConsoleApp1\LogicalPrograms.csproj", "{5AA9B912-6908-4317-A666-920DD4525282}"
EndProject
Project("{9A19103F-16F7-4668-BE54-9A1E7A4F7556}") = "DotNetCoreUnderstanding", "DotNetCoreUnderstanding\DotNetCoreUnderstanding.csproj", "{865D160F-F6B0-4DC6-AF48-C10ADDC9B807}"
EndProject
Project("{FAE04EC0-301F-11D3-BF4B-00C04F79EFBC}") = "APICore3", "APICore3\APICore3.csproj", "{BC570455-807C-4929-89B6-FA366802B950}"
EndProject
Global
	GlobalSection(SolutionConfigurationPlatforms) = preSolution
		Debug|Any CPU = Debug|Any CPU
		Release|Any CPU = Release|Any CPU
	EndGlobalSection
	GlobalSection(ProjectConfigurationPlatforms) = postSolution
		{5AA9B912-6908-4317-A666-920DD4525282}.Debug|Any CPU.ActiveCfg = Debug|Any CPU
		{5AA9B912-6908-4317-A666-920DD4525282}.Debug|Any CPU.Build.0 = Debug|Any CPU
		{5AA9B912-6908-4317-A666-920DD4525282}.Release|Any CPU.ActiveCfg = Release|Any CPU
		{5AA9B912-6908-4317-A666-920DD4525282}.Release|Any CPU.Build.0 = Release|Any CPU
		{865D160F-F6B0-4DC6-AF48-C10ADDC9B807}.Debug|Any CPU.ActiveCfg = Debug|Any CPU
		{865D160F-F6B0-4DC6-AF48-C10ADDC9B807}.Debug|Any CPU.Build.0 = Debug|Any CPU
		{865D160F-F6B0-4DC6-AF48-C10ADDC9B807}.Release|Any CPU.ActiveCfg = Release|Any CPU
		{865D160F-F6B0-4DC6-AF48-C10ADDC9B807}.Release|Any CPU.Build.0 = Release|Any CPU
		{BC570455-807C-4929-89B6-FA366802B950}.Debug|Any CPU.ActiveCfg = Debug|Any CPU
		{BC570455-807C-4929-89B6-FA366802B950}.Debug|Any CPU.Build.0 = Debug|Any CPU
		{BC570455-807C-4929-89B6-FA366802B950}.Release|Any CPU.ActiveCfg = Release|Any CPU
		{BC570455-807C-4929-89B6-FA366802B950}.Release|Any CPU.Build.0 = Release|Any CPU
	EndGlobalSection
	GlobalSection(SolutionProperties) = preSolution
		HideSolutionNode = FALSE
	EndGlobalSection
	GlobalSection(ExtensibilityGlobals) = postSolution
		SolutionGuid = {75A8E104-9E9E-420B-97E7-85DA41A40EE5}
	EndGlobalSection
EndGlobal
